
Microsoft Visual Studio Solution File, Format Version 12.00
# Visual Studio 14
VisualStudioVersion = 14.0.23107.0
MinimumVisualStudioVersion = 10.0.40219.1
Project("{2150E333-8FDC-42A3-9474-1A3956D46DE8}") = "src", "src", "{A2DC18C2-113B-49C8-81B5-3A7555F92D9B}"
EndProject
Project("{2150E333-8FDC-42A3-9474-1A3956D46DE8}") = "Solution Items", "Solution Items", "{995D945D-F0F6-4DD6-A687-25B13E664109}"
	ProjectSection(SolutionItems) = preProject
		global.json = global.json
		NuGet.Config = NuGet.Config
	EndProjectSection
EndProject
Project("{8BB2217D-0F2D-49D1-97BC-3654ED321F3B}") = "TagHelpersVerification", "src\TagHelpersVerification\TagHelpersVerification.xproj", "{EA0597F4-5D51-4D21-8C1E-C2D32455980E}"
EndProject
Global
	GlobalSection(SolutionConfigurationPlatforms) = preSolution
		Debug|Any CPU = Debug|Any CPU
		Release|Any CPU = Release|Any CPU
	EndGlobalSection
	GlobalSection(ProjectConfigurationPlatforms) = postSolution
		{EA0597F4-5D51-4D21-8C1E-C2D32455980E}.Debug|Any CPU.ActiveCfg = Debug|Any CPU
		{EA0597F4-5D51-4D21-8C1E-C2D32455980E}.Debug|Any CPU.Build.0 = Debug|Any CPU
		{EA0597F4-5D51-4D21-8C1E-C2D32455980E}.Release|Any CPU.ActiveCfg = Release|Any CPU
		{EA0597F4-5D51-4D21-8C1E-C2D32455980E}.Release|Any CPU.Build.0 = Release|Any CPU
	EndGlobalSection
	GlobalSection(SolutionProperties) = preSolution
		HideSolutionNode = FALSE
	EndGlobalSection
	GlobalSection(NestedProjects) = preSolution
		{EA0597F4-5D51-4D21-8C1E-C2D32455980E} = {A2DC18C2-113B-49C8-81B5-3A7555F92D9B}
	EndGlobalSection
EndGlobal
